
Microsoft Visual Studio Solution File, Format Version 12.00
# Visual Studio 14
VisualStudioVersion = 14.0.25123.0
MinimumVisualStudioVersion = 10.0.40219.1
Project("{8BC9CEB8-8B4A-11D0-8D11-00A0C91BC942}") = "1", "1\1.vcxproj", "{2F4C04E2-765E-434A-95EB-66A122FE431B}"
EndProject
Project("{8BC9CEB8-8B4A-11D0-8D11-00A0C91BC942}") = "2", "2\2.vcxproj", "{B59C123E-93B9-4E0A-810C-8B3E71EDB0B1}"
EndProject
Project("{8BC9CEB8-8B4A-11D0-8D11-00A0C91BC942}") = "3", "3\3.vcxproj", "{77180F8A-4134-4C6A-94AA-005644BC90EB}"
EndProject
Project("{8BC9CEB8-8B4A-11D0-8D11-00A0C91BC942}") = "4", "4\4.vcxproj", "{A083CB37-CF3A-4308-9AB8-0D2AF80861B5}"
EndProject
Project("{8BC9CEB8-8B4A-11D0-8D11-00A0C91BC942}") = "5", "5\5.vcxproj", "{685C611E-EB9E-4722-896B-FB44A6C6E539}"
EndProject
Project("{8BC9CEB8-8B4A-11D0-8D11-00A0C91BC942}") = "6", "6\6.vcxproj", "{33E63EB6-EEFC-4355-842B-7653525C0E22}"
EndProject
Project("{8BC9CEB8-8B4A-11D0-8D11-00A0C91BC942}") = "7", "7\7.vcxproj", "{483B9083-809A-49F2-8DEA-9047622306FA}"
EndProject
Project("{8BC9CEB8-8B4A-11D0-8D11-00A0C91BC942}") = "8", "8\8.vcxproj", "{3FCFF496-9E7B-4F40-94F3-E12B92C4E973}"
EndProject
Project("{8BC9CEB8-8B4A-11D0-8D11-00A0C91BC942}") = "9", "9\9.vcxproj", "{944D62B8-5B3B-4E45-9A7E-6DB6DDE49695}"
EndProject
Project("{8BC9CEB8-8B4A-11D0-8D11-00A0C91BC942}") = "10", "10\10.vcxproj", "{ABA67246-EBC0-47C2-AC5E-F5AB5B25E25F}"
EndProject
Global
	GlobalSection(SolutionConfigurationPlatforms) = preSolution
		Debug|x64 = Debug|x64
		Debug|x86 = Debug|x86
		Release|x64 = Release|x64
		Release|x86 = Release|x86
	EndGlobalSection
	GlobalSection(ProjectConfigurationPlatforms) = postSolution
		{2F4C04E2-765E-434A-95EB-66A122FE431B}.Debug|x64.ActiveCfg = Debug|x64
		{2F4C04E2-765E-434A-95EB-66A122FE431B}.Debug|x64.Build.0 = Debug|x64
		{2F4C04E2-765E-434A-95EB-66A122FE431B}.Debug|x86.ActiveCfg = Debug|Win32
		{2F4C04E2-765E-434A-95EB-66A122FE431B}.Debug|x86.Build.0 = Debug|Win32
		{2F4C04E2-765E-434A-95EB-66A122FE431B}.Release|x64.ActiveCfg = Release|x64
		{2F4C04E2-765E-434A-95EB-66A122FE431B}.Release|x64.Build.0 = Release|x64
		{2F4C04E2-765E-434A-95EB-66A122FE431B}.Release|x86.ActiveCfg = Release|Win32
		{2F4C04E2-765E-434A-95EB-66A122FE431B}.Release|x86.Build.0 = Release|Win32
		{B59C123E-93B9-4E0A-810C-8B3E71EDB0B1}.Debug|x64.ActiveCfg = Debug|x64
		{B59C123E-93B9-4E0A-810C-8B3E71EDB0B1}.Debug|x64.Build.0 = Debug|x64
		{B59C123E-93B9-4E0A-810C-8B3E71EDB0B1}.Debug|x86.ActiveCfg = Debug|Win32
		{B59C123E-93B9-4E0A-810C-8B3E71EDB0B1}.Debug|x86.Build.0 = Debug|Win32
		{B59C123E-93B9-4E0A-810C-8B3E71EDB0B1}.Release|x64.ActiveCfg = Release|x64
		{B59C123E-93B9-4E0A-810C-8B3E71EDB0B1}.Release|x64.Build.0 = Release|x64
		{B59C123E-93B9-4E0A-810C-8B3E71EDB0B1}.Release|x86.ActiveCfg = Release|Win32
		{B59C123E-93B9-4E0A-810C-8B3E71EDB0B1}.Release|x86.Build.0 = Release|Win32
		{77180F8A-4134-4C6A-94AA-005644BC90EB}.Debug|x64.ActiveCfg = Debug|x64
		{77180F8A-4134-4C6A-94AA-005644BC90EB}.Debug|x64.Build.0 = Debug|x64
		{77180F8A-4134-4C6A-94AA-005644BC90EB}.Debug|x86.ActiveCfg = Debug|Win32
		{77180F8A-4134-4C6A-94AA-005644BC90EB}.Debug|x86.Build.0 = Debug|Win32
		{77180F8A-4134-4C6A-94AA-005644BC90EB}.Release|x64.ActiveCfg = Release|x64
		{77180F8A-4134-4C6A-94AA-005644BC90EB}.Release|x64.Build.0 = Release|x64
		{77180F8A-4134-4C6A-94AA-005644BC90EB}.Release|x86.ActiveCfg = Release|Win32
		{77180F8A-4134-4C6A-94AA-005644BC90EB}.Release|x86.Build.0 = Release|Win32
		{A083CB37-CF3A-4308-9AB8-0D2AF80861B5}.Debug|x64.ActiveCfg = Debug|x64
		{A083CB37-CF3A-4308-9AB8-0D2AF80861B5}.Debug|x64.Build.0 = Debug|x64
		{A083CB37-CF3A-4308-9AB8-0D2AF80861B5}.Debug|x86.ActiveCfg = Debug|Win32
		{A083CB37-CF3A-4308-9AB8-0D2AF80861B5}.Debug|x86.Build.0 = Debug|Win32
		{A083CB37-CF3A-4308-9AB8-0D2AF80861B5}.Release|x64.ActiveCfg = Release|x64
		{A083CB37-CF3A-4308-9AB8-0D2AF80861B5}.Release|x64.Build.0 = Release|x64
		{A083CB37-CF3A-4308-9AB8-0D2AF80861B5}.Release|x86.ActiveCfg = Release|Win32
		{A083CB37-CF3A-4308-9AB8-0D2AF80861B5}.Release|x86.Build.0 = Release|Win32
		{685C611E-EB9E-4722-896B-FB44A6C6E539}.Debug|x64.ActiveCfg = Debug|x64
		{685C611E-EB9E-4722-896B-FB44A6C6E539}.Debug|x64.Build.0 = Debug|x64
		{685C611E-EB9E-4722-896B-FB44A6C6E539}.Debug|x86.ActiveCfg = Debug|Win32
		{685C611E-EB9E-4722-896B-FB44A6C6E539}.Debug|x86.Build.0 = Debug|Win32
		{685C611E-EB9E-4722-896B-FB44A6C6E539}.Release|x64.ActiveCfg = Release|x64
		{685C611E-EB9E-4722-896B-FB44A6C6E539}.Release|x64.Build.0 = Release|x64
		{685C611E-EB9E-4722-896B-FB44A6C6E539}.Release|x86.ActiveCfg = Release|Win32
		{685C611E-EB9E-4722-896B-FB44A6C6E539}.Release|x86.Build.0 = Release|Win32
		{33E63EB6-EEFC-4355-842B-7653525C0E22}.Debug|x64.ActiveCfg = Debug|x64
		{33E63EB6-EEFC-4355-842B-7653525C0E22}.Debug|x64.Build.0 = Debug|x64
		{33E63EB6-EEFC-4355-842B-7653525C0E22}.Debug|x86.ActiveCfg = Debug|Win32
		{33E63EB6-EEFC-4355-842B-7653525C0E22}.Debug|x86.Build.0 = Debug|Win32
		{33E63EB6-EEFC-4355-842B-7653525C0E22}.Release|x64.ActiveCfg = Release|x64
		{33E63EB6-EEFC-4355-842B-7653525C0E22}.Release|x64.Build.0 = Release|x64
		{33E63EB6-EEFC-4355-842B-7653525C0E22}.Release|x86.ActiveCfg = Release|Win32
		{33E63EB6-EEFC-4355-842B-7653525C0E22}.Release|x86.Build.0 = Release|Win32
		{483B9083-809A-49F2-8DEA-9047622306FA}.Debug|x64.ActiveCfg = Debug|x64
		{483B9083-809A-49F2-8DEA-9047622306FA}.Debug|x64.Build.0 = Debug|x64
		{483B9083-809A-49F2-8DEA-9047622306FA}.Debug|x86.ActiveCfg = Debug|Win32
		{483B9083-809A-49F2-8DEA-9047622306FA}.Debug|x86.Build.0 = Debug|Win32
		{483B9083-809A-49F2-8DEA-9047622306FA}.Release|x64.ActiveCfg = Release|x64
		{483B9083-809A-49F2-8DEA-9047622306FA}.Release|x64.Build.0 = Release|x64
		{483B9083-809A-49F2-8DEA-9047622306FA}.Release|x86.ActiveCfg = Release|Win32
		{483B9083-809A-49F2-8DEA-9047622306FA}.Release|x86.Build.0 = Release|Win32
		{3FCFF496-9E7B-4F40-94F3-E12B92C4E973}.Debug|x64.ActiveCfg = Debug|x64
		{3FCFF496-9E7B-4F40-94F3-E12B92C4E973}.Debug|x64.Build.0 = Debug|x64
		{3FCFF496-9E7B-4F40-94F3-E12B92C4E973}.Debug|x86.ActiveCfg = Debug|Win32
		{3FCFF496-9E7B-4F40-94F3-E12B92C4E973}.Debug|x86.Build.0 = Debug|Win32
		{3FCFF496-9E7B-4F40-94F3-E12B92C4E973}.Release|x64.ActiveCfg = Release|x64
		{3FCFF496-9E7B-4F40-94F3-E12B92C4E973}.Release|x64.Build.0 = Release|x64
		{3FCFF496-9E7B-4F40-94F3-E12B92C4E973}.Release|x86.ActiveCfg = Release|Win32
		{3FCFF496-9E7B-4F40-94F3-E12B92C4E973}.Release|x86.Build.0 = Release|Win32
		{944D62B8-5B3B-4E45-9A7E-6DB6DDE49695}.Debug|x64.ActiveCfg = Debug|x64
		{944D62B8-5B3B-4E45-9A7E-6DB6DDE49695}.Debug|x64.Build.0 = Debug|x64
		{944D62B8-5B3B-4E45-9A7E-6DB6DDE49695}.Debug|x86.ActiveCfg = Debug|Win32
		{944D62B8-5B3B-4E45-9A7E-6DB6DDE49695}.Debug|x86.Build.0 = Debug|Win32
		{944D62B8-5B3B-4E45-9A7E-6DB6DDE49695}.Release|x64.ActiveCfg = Release|x64
		{944D62B8-5B3B-4E45-9A7E-6DB6DDE49695}.Release|x64.Build.0 = Release|x64
		{944D62B8-5B3B-4E45-9A7E-6DB6DDE49695}.Release|x86.ActiveCfg = Release|Win32
		{944D62B8-5B3B-4E45-9A7E-6DB6DDE49695}.Release|x86.Build.0 = Release|Win32
		{ABA67246-EBC0-47C2-AC5E-F5AB5B25E25F}.Debug|x64.ActiveCfg = Debug|x64
		{ABA67246-EBC0-47C2-AC5E-F5AB5B25E25F}.Debug|x64.Build.0 = Debug|x64
		{ABA67246-EBC0-47C2-AC5E-F5AB5B25E25F}.Debug|x86.ActiveCfg = Debug|Win32
		{ABA67246-EBC0-47C2-AC5E-F5AB5B25E25F}.Debug|x86.Build.0 = Debug|Win32
		{ABA67246-EBC0-47C2-AC5E-F5AB5B25E25F}.Release|x64.ActiveCfg = Release|x64
		{ABA67246-EBC0-47C2-AC5E-F5AB5B25E25F}.Release|x64.Build.0 = Release|x64
		{ABA67246-EBC0-47C2-AC5E-F5AB5B25E25F}.Release|x86.ActiveCfg = Release|Win32
		{ABA67246-EBC0-47C2-AC5E-F5AB5B25E25F}.Release|x86.Build.0 = Release|Win32
	EndGlobalSection
	GlobalSection(SolutionProperties) = preSolution
		HideSolutionNode = FALSE
	EndGlobalSection
EndGlobal
